
Microsoft Visual Studio Solution File, Format Version 12.00
# Visual Studio Version 16
VisualStudioVersion = 16.0.30204.135
MinimumVisualStudioVersion = 10.0.40219.1
Project("{FAE04EC0-301F-11D3-BF4B-00C04F79EFBC}") = "BasicCalculator", "BasicCalculator\BasicCalculator.csproj", "{3452FB8C-EA09-4F41-AD6F-A12A10974400}"
EndProject
Global
	GlobalSection(SolutionConfigurationPlatforms) = preSolution
		Debug|Any CPU = Debug|Any CPU
		Release|Any CPU = Release|Any CPU
	EndGlobalSection
	GlobalSection(ProjectConfigurationPlatforms) = postSolution
		{3452FB8C-EA09-4F41-AD6F-A12A10974400}.Debug|Any CPU.ActiveCfg = Debug|Any CPU
		{3452FB8C-EA09-4F41-AD6F-A12A10974400}.Debug|Any CPU.Build.0 = Debug|Any CPU
		{3452FB8C-EA09-4F41-AD6F-A12A10974400}.Release|Any CPU.ActiveCfg = Release|Any CPU
		{3452FB8C-EA09-4F41-AD6F-A12A10974400}.Release|Any CPU.Build.0 = Release|Any CPU
	EndGlobalSection
	GlobalSection(SolutionProperties) = preSolution
		HideSolutionNode = FALSE
	EndGlobalSection
	GlobalSection(ExtensibilityGlobals) = postSolution
		SolutionGuid = {02B819F8-8D54-450B-8C77-B3714720F975}
	EndGlobalSection
EndGlobal
